
Microsoft Visual Studio Solution File, Format Version 12.00
# Visual Studio 14
VisualStudioVersion = 14.0.23107.0
MinimumVisualStudioVersion = 10.0.40219.1
Project("{FAE04EC0-301F-11D3-BF4B-00C04F79EFBC}") = "SumAndAvg", "SumAndAvg\SumAndAvg.csproj", "{53B9BB02-9416-41E5-8568-1A00BE0B9AB6}"
EndProject
Project("{FAE04EC0-301F-11D3-BF4B-00C04F79EFBC}") = "SortWords", "SortWords\SortWords.csproj", "{A736C404-B728-47B6-AF6C-5868E9FEF744}"
EndProject
Project("{FAE04EC0-301F-11D3-BF4B-00C04F79EFBC}") = "DistanceInLabyrinth", "DistanceInLabyrinth\DistanceInLabyrinth.csproj", "{9B97D5EC-AD8C-4224-B0E3-41C2DFFB9080}"
EndProject
Project("{FAE04EC0-301F-11D3-BF4B-00C04F79EFBC}") = "LongestSubsequence", "LongestSubsequence\LongestSubsequence.csproj", "{818FFF18-049B-4591-BCAC-B67A2595C1F7}"
EndProject
Project("{FAE04EC0-301F-11D3-BF4B-00C04F79EFBC}") = "RemoveOddOccurences", "RemoveOddOccurences\RemoveOddOccurences.csproj", "{586B4D86-F0BF-460B-B99B-345C45FDEDF8}"
EndProject
Project("{FAE04EC0-301F-11D3-BF4B-00C04F79EFBC}") = "CountOfOccurences", "CountOfOccurences\CountOfOccurences.csproj", "{ADB8346B-88D8-4EB4-A8C8-CB1405C5EAA1}"
EndProject
Global
	GlobalSection(SolutionConfigurationPlatforms) = preSolution
		Debug|Any CPU = Debug|Any CPU
		Release|Any CPU = Release|Any CPU
	EndGlobalSection
	GlobalSection(ProjectConfigurationPlatforms) = postSolution
		{53B9BB02-9416-41E5-8568-1A00BE0B9AB6}.Debug|Any CPU.ActiveCfg = Debug|Any CPU
		{53B9BB02-9416-41E5-8568-1A00BE0B9AB6}.Debug|Any CPU.Build.0 = Debug|Any CPU
		{53B9BB02-9416-41E5-8568-1A00BE0B9AB6}.Release|Any CPU.ActiveCfg = Release|Any CPU
		{53B9BB02-9416-41E5-8568-1A00BE0B9AB6}.Release|Any CPU.Build.0 = Release|Any CPU
		{A736C404-B728-47B6-AF6C-5868E9FEF744}.Debug|Any CPU.ActiveCfg = Debug|Any CPU
		{A736C404-B728-47B6-AF6C-5868E9FEF744}.Debug|Any CPU.Build.0 = Debug|Any CPU
		{A736C404-B728-47B6-AF6C-5868E9FEF744}.Release|Any CPU.ActiveCfg = Release|Any CPU
		{A736C404-B728-47B6-AF6C-5868E9FEF744}.Release|Any CPU.Build.0 = Release|Any CPU
		{9B97D5EC-AD8C-4224-B0E3-41C2DFFB9080}.Debug|Any CPU.ActiveCfg = Debug|Any CPU
		{9B97D5EC-AD8C-4224-B0E3-41C2DFFB9080}.Debug|Any CPU.Build.0 = Debug|Any CPU
		{9B97D5EC-AD8C-4224-B0E3-41C2DFFB9080}.Release|Any CPU.ActiveCfg = Release|Any CPU
		{9B97D5EC-AD8C-4224-B0E3-41C2DFFB9080}.Release|Any CPU.Build.0 = Release|Any CPU
		{818FFF18-049B-4591-BCAC-B67A2595C1F7}.Debug|Any CPU.ActiveCfg = Debug|Any CPU
		{818FFF18-049B-4591-BCAC-B67A2595C1F7}.Debug|Any CPU.Build.0 = Debug|Any CPU
		{818FFF18-049B-4591-BCAC-B67A2595C1F7}.Release|Any CPU.ActiveCfg = Release|Any CPU
		{818FFF18-049B-4591-BCAC-B67A2595C1F7}.Release|Any CPU.Build.0 = Release|Any CPU
		{586B4D86-F0BF-460B-B99B-345C45FDEDF8}.Debug|Any CPU.ActiveCfg = Debug|Any CPU
		{586B4D86-F0BF-460B-B99B-345C45FDEDF8}.Debug|Any CPU.Build.0 = Debug|Any CPU
		{586B4D86-F0BF-460B-B99B-345C45FDEDF8}.Release|Any CPU.ActiveCfg = Release|Any CPU
		{586B4D86-F0BF-460B-B99B-345C45FDEDF8}.Release|Any CPU.Build.0 = Release|Any CPU
		{ADB8346B-88D8-4EB4-A8C8-CB1405C5EAA1}.Debug|Any CPU.ActiveCfg = Debug|Any CPU
		{ADB8346B-88D8-4EB4-A8C8-CB1405C5EAA1}.Debug|Any CPU.Build.0 = Debug|Any CPU
		{ADB8346B-88D8-4EB4-A8C8-CB1405C5EAA1}.Release|Any CPU.ActiveCfg = Release|Any CPU
		{ADB8346B-88D8-4EB4-A8C8-CB1405C5EAA1}.Release|Any CPU.Build.0 = Release|Any CPU
	EndGlobalSection
	GlobalSection(SolutionProperties) = preSolution
		HideSolutionNode = FALSE
	EndGlobalSection
EndGlobal
